
Microsoft Visual Studio Solution File, Format Version 12.00
# Visual Studio Version 16
VisualStudioVersion = 16.0.30804.86
MinimumVisualStudioVersion = 10.0.40219.1
Project("{2150E333-8FDC-42A3-9474-1A3956D46DE8}") = "Web", "Web", "{791A06E9-72A8-4713-8C19-89749E1D0466}"
EndProject
Project("{2150E333-8FDC-42A3-9474-1A3956D46DE8}") = "Services", "Services", "{821DD360-A563-4AB6-9C72-D0945FD7B7AC}"
EndProject
Project("{9A19103F-16F7-4668-BE54-9A1E7A4F7556}") = "BookMyEvent.Web", "BookMyEvent.Web\BookMyEvent.Web.csproj", "{1A79E984-1B9C-4DAC-878B-0652E9FE4117}"
EndProject
Project("{9A19103F-16F7-4668-BE54-9A1E7A4F7556}") = "BookMyEvent.Services.EventCatalog", "BookMyEvent.Services.EventCatalog\BookMyEvent.Services.EventCatalog.csproj", "{0B444E4F-86B6-4912-8C93-50BC5BD6E5EB}"
EndProject
Project("{2150E333-8FDC-42A3-9474-1A3956D46DE8}") = "Proto", "Proto", "{356E6C3D-21A8-4E69-8CC0-B65FEE100DE8}"
	ProjectSection(SolutionItems) = preProject
		Proto\eventcatalog.proto = Proto\eventcatalog.proto
	EndProjectSection
EndProject
Project("{9A19103F-16F7-4668-BE54-9A1E7A4F7556}") = "BookMyEvent.Services.ShoppingCart", "BookMyEvent.Services.ShoppingCart\BookMyEvent.Services.ShoppingCart.csproj", "{4F2D6C52-7F2B-4983-9F52-4C6642CBAF00}"
EndProject
Project("{9A19103F-16F7-4668-BE54-9A1E7A4F7556}") = "BookMyEvent.Services.Payment", "BookMyEvent.Services.Payment\BookMyEvent.Services.Payment.csproj", "{833B0A6A-B91B-42AD-BF00-C8CE92579CDA}"
EndProject
Project("{9A19103F-16F7-4668-BE54-9A1E7A4F7556}") = "BookMyEvent.Services.Discount", "BookMyEvent.Services.Discount\BookMyEvent.Services.Discount.csproj", "{7DFD06C1-5796-452C-B573-A98D09766397}"
EndProject
Project("{9A19103F-16F7-4668-BE54-9A1E7A4F7556}") = "BookMyEvent.Services.Marketing", "BookMyEvent.Services.Marketing\BookMyEvent.Services.Marketing.csproj", "{E113D2CC-ADD3-46DB-B644-647F9901F4FC}"
EndProject
Project("{9A19103F-16F7-4668-BE54-9A1E7A4F7556}") = "BookMyEvent.Services.Ordering", "BookMyEvent.Services.Ordering\BookMyEvent.Services.Ordering.csproj", "{552938DC-5832-442B-A9E1-1D2C2636D2D4}"
EndProject
Project("{2150E333-8FDC-42A3-9474-1A3956D46DE8}") = "Integration", "Integration", "{13FB86C0-B16D-4390-B824-46561CF571FA}"
EndProject
Project("{9A19103F-16F7-4668-BE54-9A1E7A4F7556}") = "BookMyEvent.Integration.Messages", "BookMyEvent.Integration.Messages\BookMyEvent.Integration.Messages.csproj", "{2491992C-C6BF-4DDC-8690-AF840A8E2C87}"
EndProject
Project("{9A19103F-16F7-4668-BE54-9A1E7A4F7556}") = "BookMyEvent.Integration.MessagingBus", "BookMyEvent.Integration.MessagingBus\BookMyEvent.Integration.MessagingBus.csproj", "{19EE5BF4-C3BA-47C9-AEC0-119B6113755E}"
EndProject
Project("{2150E333-8FDC-42A3-9474-1A3956D46DE8}") = "Fake", "Fake", "{99DE57FE-A9C2-4DB8-AF98-489BF076C961}"
EndProject
Project("{9A19103F-16F7-4668-BE54-9A1E7A4F7556}") = "External.PaymentGateway", "External.PaymentGateway\External.PaymentGateway.csproj", "{AB1EADE6-F1FC-40FF-A7E3-0E788340FAD8}"
EndProject
Project("{2150E333-8FDC-42A3-9474-1A3956D46DE8}") = "Gateway", "Gateway", "{4D5415BE-B958-4EEF-87D7-7A82877D80F8}"
EndProject
Project("{9A19103F-16F7-4668-BE54-9A1E7A4F7556}") = "BookMyEvent.Gateway.WebBff", "BookMyEvent.Gateway.WebBff\BookMyEvent.Gateway.WebBff.csproj", "{260CC0E6-32FA-49DD-9F44-53D6EBB0C49E}"
EndProject
Project("{9A19103F-16F7-4668-BE54-9A1E7A4F7556}") = "BookMyEvent.Gateway.Shared", "BookMyEvent.Gateway.Shared\BookMyEvent.Gateway.Shared.csproj", "{620D9197-7D73-4F98-A685-A625E2B6F19A}"
EndProject
Project("{9A19103F-16F7-4668-BE54-9A1E7A4F7556}") = "BookMyEvent.Web.Bff", "BookMyEvent.Web.Bff\BookMyEvent.Web.Bff.csproj", "{3849876E-3EF6-440D-BCB9-9FD1225EBA4D}"
EndProject
Project("{9A19103F-16F7-4668-BE54-9A1E7A4F7556}") = "BookMyEvent.Services.IntegrationEventPublisher", "BookMyEvent.Services.IntegrationEventPublisher\BookMyEvent.Services.IntegrationEventPublisher.csproj", "{5C42A03B-4DE3-4D02-9BD8-8C348672DDF2}"
EndProject
Project("{9A19103F-16F7-4668-BE54-9A1E7A4F7556}") = "BookMyEvent.Services.Identity", "BookMyEvent.Services.Identity\BookMyEvent.Services.Identity.csproj", "{913BBA59-223B-4557-885A-20D55D24BCEE}"
EndProject
Global
	GlobalSection(SolutionConfigurationPlatforms) = preSolution
		Debug|Any CPU = Debug|Any CPU
		Release|Any CPU = Release|Any CPU
	EndGlobalSection
	GlobalSection(ProjectConfigurationPlatforms) = postSolution
		{1A79E984-1B9C-4DAC-878B-0652E9FE4117}.Debug|Any CPU.ActiveCfg = Debug|Any CPU
		{1A79E984-1B9C-4DAC-878B-0652E9FE4117}.Debug|Any CPU.Build.0 = Debug|Any CPU
		{1A79E984-1B9C-4DAC-878B-0652E9FE4117}.Release|Any CPU.ActiveCfg = Release|Any CPU
		{1A79E984-1B9C-4DAC-878B-0652E9FE4117}.Release|Any CPU.Build.0 = Release|Any CPU
		{0B444E4F-86B6-4912-8C93-50BC5BD6E5EB}.Debug|Any CPU.ActiveCfg = Debug|Any CPU
		{0B444E4F-86B6-4912-8C93-50BC5BD6E5EB}.Debug|Any CPU.Build.0 = Debug|Any CPU
		{0B444E4F-86B6-4912-8C93-50BC5BD6E5EB}.Release|Any CPU.ActiveCfg = Release|Any CPU
		{0B444E4F-86B6-4912-8C93-50BC5BD6E5EB}.Release|Any CPU.Build.0 = Release|Any CPU
		{4F2D6C52-7F2B-4983-9F52-4C6642CBAF00}.Debug|Any CPU.ActiveCfg = Debug|Any CPU
		{4F2D6C52-7F2B-4983-9F52-4C6642CBAF00}.Debug|Any CPU.Build.0 = Debug|Any CPU
		{4F2D6C52-7F2B-4983-9F52-4C6642CBAF00}.Release|Any CPU.ActiveCfg = Release|Any CPU
		{4F2D6C52-7F2B-4983-9F52-4C6642CBAF00}.Release|Any CPU.Build.0 = Release|Any CPU
		{833B0A6A-B91B-42AD-BF00-C8CE92579CDA}.Debug|Any CPU.ActiveCfg = Debug|Any CPU
		{833B0A6A-B91B-42AD-BF00-C8CE92579CDA}.Debug|Any CPU.Build.0 = Debug|Any CPU
		{833B0A6A-B91B-42AD-BF00-C8CE92579CDA}.Release|Any CPU.ActiveCfg = Release|Any CPU
		{833B0A6A-B91B-42AD-BF00-C8CE92579CDA}.Release|Any CPU.Build.0 = Release|Any CPU
		{7DFD06C1-5796-452C-B573-A98D09766397}.Debug|Any CPU.ActiveCfg = Debug|Any CPU
		{7DFD06C1-5796-452C-B573-A98D09766397}.Debug|Any CPU.Build.0 = Debug|Any CPU
		{7DFD06C1-5796-452C-B573-A98D09766397}.Release|Any CPU.ActiveCfg = Release|Any CPU
		{7DFD06C1-5796-452C-B573-A98D09766397}.Release|Any CPU.Build.0 = Release|Any CPU
		{E113D2CC-ADD3-46DB-B644-647F9901F4FC}.Debug|Any CPU.ActiveCfg = Debug|Any CPU
		{E113D2CC-ADD3-46DB-B644-647F9901F4FC}.Debug|Any CPU.Build.0 = Debug|Any CPU
		{E113D2CC-ADD3-46DB-B644-647F9901F4FC}.Release|Any CPU.ActiveCfg = Release|Any CPU
		{E113D2CC-ADD3-46DB-B644-647F9901F4FC}.Release|Any CPU.Build.0 = Release|Any CPU
		{552938DC-5832-442B-A9E1-1D2C2636D2D4}.Debug|Any CPU.ActiveCfg = Debug|Any CPU
		{552938DC-5832-442B-A9E1-1D2C2636D2D4}.Debug|Any CPU.Build.0 = Debug|Any CPU
		{552938DC-5832-442B-A9E1-1D2C2636D2D4}.Release|Any CPU.ActiveCfg = Release|Any CPU
		{552938DC-5832-442B-A9E1-1D2C2636D2D4}.Release|Any CPU.Build.0 = Release|Any CPU
		{2491992C-C6BF-4DDC-8690-AF840A8E2C87}.Debug|Any CPU.ActiveCfg = Debug|Any CPU
		{2491992C-C6BF-4DDC-8690-AF840A8E2C87}.Debug|Any CPU.Build.0 = Debug|Any CPU
		{2491992C-C6BF-4DDC-8690-AF840A8E2C87}.Release|Any CPU.ActiveCfg = Release|Any CPU
		{2491992C-C6BF-4DDC-8690-AF840A8E2C87}.Release|Any CPU.Build.0 = Release|Any CPU
		{19EE5BF4-C3BA-47C9-AEC0-119B6113755E}.Debug|Any CPU.ActiveCfg = Debug|Any CPU
		{19EE5BF4-C3BA-47C9-AEC0-119B6113755E}.Debug|Any CPU.Build.0 = Debug|Any CPU
		{19EE5BF4-C3BA-47C9-AEC0-119B6113755E}.Release|Any CPU.ActiveCfg = Release|Any CPU
		{19EE5BF4-C3BA-47C9-AEC0-119B6113755E}.Release|Any CPU.Build.0 = Release|Any CPU
		{AB1EADE6-F1FC-40FF-A7E3-0E788340FAD8}.Debug|Any CPU.ActiveCfg = Debug|Any CPU
		{AB1EADE6-F1FC-40FF-A7E3-0E788340FAD8}.Debug|Any CPU.Build.0 = Debug|Any CPU
		{AB1EADE6-F1FC-40FF-A7E3-0E788340FAD8}.Release|Any CPU.ActiveCfg = Release|Any CPU
		{AB1EADE6-F1FC-40FF-A7E3-0E788340FAD8}.Release|Any CPU.Build.0 = Release|Any CPU
		{260CC0E6-32FA-49DD-9F44-53D6EBB0C49E}.Debug|Any CPU.ActiveCfg = Debug|Any CPU
		{260CC0E6-32FA-49DD-9F44-53D6EBB0C49E}.Debug|Any CPU.Build.0 = Debug|Any CPU
		{260CC0E6-32FA-49DD-9F44-53D6EBB0C49E}.Release|Any CPU.ActiveCfg = Release|Any CPU
		{260CC0E6-32FA-49DD-9F44-53D6EBB0C49E}.Release|Any CPU.Build.0 = Release|Any CPU
		{620D9197-7D73-4F98-A685-A625E2B6F19A}.Debug|Any CPU.ActiveCfg = Debug|Any CPU
		{620D9197-7D73-4F98-A685-A625E2B6F19A}.Debug|Any CPU.Build.0 = Debug|Any CPU
		{620D9197-7D73-4F98-A685-A625E2B6F19A}.Release|Any CPU.ActiveCfg = Release|Any CPU
		{620D9197-7D73-4F98-A685-A625E2B6F19A}.Release|Any CPU.Build.0 = Release|Any CPU
		{3849876E-3EF6-440D-BCB9-9FD1225EBA4D}.Debug|Any CPU.ActiveCfg = Debug|Any CPU
		{3849876E-3EF6-440D-BCB9-9FD1225EBA4D}.Debug|Any CPU.Build.0 = Debug|Any CPU
		{3849876E-3EF6-440D-BCB9-9FD1225EBA4D}.Release|Any CPU.ActiveCfg = Release|Any CPU
		{3849876E-3EF6-440D-BCB9-9FD1225EBA4D}.Release|Any CPU.Build.0 = Release|Any CPU
		{5C42A03B-4DE3-4D02-9BD8-8C348672DDF2}.Debug|Any CPU.ActiveCfg = Debug|Any CPU
		{5C42A03B-4DE3-4D02-9BD8-8C348672DDF2}.Debug|Any CPU.Build.0 = Debug|Any CPU
		{5C42A03B-4DE3-4D02-9BD8-8C348672DDF2}.Release|Any CPU.ActiveCfg = Release|Any CPU
		{5C42A03B-4DE3-4D02-9BD8-8C348672DDF2}.Release|Any CPU.Build.0 = Release|Any CPU
		{913BBA59-223B-4557-885A-20D55D24BCEE}.Debug|Any CPU.ActiveCfg = Debug|Any CPU
		{913BBA59-223B-4557-885A-20D55D24BCEE}.Debug|Any CPU.Build.0 = Debug|Any CPU
		{913BBA59-223B-4557-885A-20D55D24BCEE}.Release|Any CPU.ActiveCfg = Release|Any CPU
		{913BBA59-223B-4557-885A-20D55D24BCEE}.Release|Any CPU.Build.0 = Release|Any CPU
	EndGlobalSection
	GlobalSection(SolutionProperties) = preSolution
		HideSolutionNode = FALSE
	EndGlobalSection
	GlobalSection(NestedProjects) = preSolution
		{1A79E984-1B9C-4DAC-878B-0652E9FE4117} = {791A06E9-72A8-4713-8C19-89749E1D0466}
		{0B444E4F-86B6-4912-8C93-50BC5BD6E5EB} = {821DD360-A563-4AB6-9C72-D0945FD7B7AC}
		{4F2D6C52-7F2B-4983-9F52-4C6642CBAF00} = {821DD360-A563-4AB6-9C72-D0945FD7B7AC}
		{833B0A6A-B91B-42AD-BF00-C8CE92579CDA} = {821DD360-A563-4AB6-9C72-D0945FD7B7AC}
		{7DFD06C1-5796-452C-B573-A98D09766397} = {821DD360-A563-4AB6-9C72-D0945FD7B7AC}
		{E113D2CC-ADD3-46DB-B644-647F9901F4FC} = {821DD360-A563-4AB6-9C72-D0945FD7B7AC}
		{552938DC-5832-442B-A9E1-1D2C2636D2D4} = {821DD360-A563-4AB6-9C72-D0945FD7B7AC}
		{2491992C-C6BF-4DDC-8690-AF840A8E2C87} = {13FB86C0-B16D-4390-B824-46561CF571FA}
		{19EE5BF4-C3BA-47C9-AEC0-119B6113755E} = {13FB86C0-B16D-4390-B824-46561CF571FA}
		{AB1EADE6-F1FC-40FF-A7E3-0E788340FAD8} = {99DE57FE-A9C2-4DB8-AF98-489BF076C961}
		{260CC0E6-32FA-49DD-9F44-53D6EBB0C49E} = {4D5415BE-B958-4EEF-87D7-7A82877D80F8}
		{620D9197-7D73-4F98-A685-A625E2B6F19A} = {4D5415BE-B958-4EEF-87D7-7A82877D80F8}
		{3849876E-3EF6-440D-BCB9-9FD1225EBA4D} = {791A06E9-72A8-4713-8C19-89749E1D0466}
		{5C42A03B-4DE3-4D02-9BD8-8C348672DDF2} = {821DD360-A563-4AB6-9C72-D0945FD7B7AC}
		{913BBA59-223B-4557-885A-20D55D24BCEE} = {821DD360-A563-4AB6-9C72-D0945FD7B7AC}
	EndGlobalSection
	GlobalSection(ExtensibilityGlobals) = postSolution
		SolutionGuid = {5F6305B2-1AAD-4ACA-9A7B-4A8808D27899}
	EndGlobalSection
EndGlobal
